
Microsoft Visual Studio Solution File, Format Version 10.00
# Visual Studio 2008
Project("{8BC9CEB8-8B4A-11D0-8D11-00A0C91BC942}") = "WinsyncLoader", "WinsyncLoader\WinsyncLoader.vcproj", "{7AA6D2E5-9D9D-4CCD-8E71-B656093DA5E8}"
EndProject
Global
	GlobalSection(SolutionConfigurationPlatforms) = preSolution
		Debug|Win32 = Debug|Win32
		Release|Win32 = Release|Win32
	EndGlobalSection
	GlobalSection(ProjectConfigurationPlatforms) = postSolution
		{7AA6D2E5-9D9D-4CCD-8E71-B656093DA5E8}.Debug|Win32.ActiveCfg = Debug|Win32
		{7AA6D2E5-9D9D-4CCD-8E71-B656093DA5E8}.Debug|Win32.Build.0 = Debug|Win32
		{7AA6D2E5-9D9D-4CCD-8E71-B656093DA5E8}.Release|Win32.ActiveCfg = Release|Win32
		{7AA6D2E5-9D9D-4CCD-8E71-B656093DA5E8}.Release|Win32.Build.0 = Release|Win32
	EndGlobalSection
	GlobalSection(SolutionProperties) = preSolution
		HideSolutionNode = FALSE
	EndGlobalSection
EndGlobal
